
Microsoft Visual Studio Solution File, Format Version 12.00
# Visual Studio Version 17
VisualStudioVersion = 17.14.36414.22 d17.14
MinimumVisualStudioVersion = 10.0.40219.1
Project("{FAE04EC0-301F-11D3-BF4B-00C04F79EFBC}") = "BigNumbers", "BigNumbers\BigNumbers.csproj", "{3391FB68-E7BF-48DA-B173-3784B24D3027}"
EndProject
Global
	GlobalSection(SolutionConfigurationPlatforms) = preSolution
		Debug|Any CPU = Debug|Any CPU
		Release|Any CPU = Release|Any CPU
	EndGlobalSection
	GlobalSection(ProjectConfigurationPlatforms) = postSolution
		{3391FB68-E7BF-48DA-B173-3784B24D3027}.Debug|Any CPU.ActiveCfg = Debug|Any CPU
		{3391FB68-E7BF-48DA-B173-3784B24D3027}.Debug|Any CPU.Build.0 = Debug|Any CPU
		{3391FB68-E7BF-48DA-B173-3784B24D3027}.Release|Any CPU.ActiveCfg = Release|Any CPU
		{3391FB68-E7BF-48DA-B173-3784B24D3027}.Release|Any CPU.Build.0 = Release|Any CPU
	EndGlobalSection
	GlobalSection(SolutionProperties) = preSolution
		HideSolutionNode = FALSE
	EndGlobalSection
	GlobalSection(ExtensibilityGlobals) = postSolution
		SolutionGuid = {CAC6F5E8-0BB2-4DB9-A7D0-A3A24CEA59EC}
	EndGlobalSection
EndGlobal
